// !$*UTF8*$!
{
	archiveVersion = 1;
	classes = {
	};
	objectVersion = 51;
	objects = {

/* Begin PBXBuildFile section */
		4D5B8B213FB2FF0FCFDD0974 /* Pods_RealTimeController_RealTimeControllerTests.framework in Frameworks */ = {isa = PBXBuildFile; fileRef = 4FE4623259F5D6DBD87029F1 /* Pods_RealTimeController_RealTimeControllerTests.framework */; };
		5F28A14723B5854600709E19 /* DEUCE_Framework.framework in Frameworks */ = {isa = PBXBuildFile; fileRef = 5F28A14623B5854600709E19 /* DEUCE_Framework.framework */; };
		5FC7A49C23E0FCA100D91DCD /* RealTimeAzureConnection.swift in Sources */ = {isa = PBXBuildFile; fileRef = 5FC7A49B23E0FCA100D91DCD /* RealTimeAzureConnection.swift */; };
		5FC7A49E23E0FD0400D91DCD /* SignalRClient.swift in Sources */ = {isa = PBXBuildFile; fileRef = 5FC7A49D23E0FD0400D91DCD /* SignalRClient.swift */; };
		5FC7A4A023E10AE300D91DCD /* RealTimeConnectionClientTests.swift in Sources */ = {isa = PBXBuildFile; fileRef = 5FC7A49F23E10AE300D91DCD /* RealTimeConnectionClientTests.swift */; };
		5FF0438723B5843800E94B8A /* RealTimeController.framework in Frameworks */ = {isa = PBXBuildFile; fileRef = 5FF0437D23B5843800E94B8A /* RealTimeController.framework */; };
		5FF0438E23B5843800E94B8A /* RealTimeController.h in Headers */ = {isa = PBXBuildFile; fileRef = 5FF0438023B5843800E94B8A /* RealTimeController.h */; settings = {ATTRIBUTES = (Public, ); }; };
		68A6A5C4245EC3EE8F2E5C1D /* Pods_RealTimeController.framework in Frameworks */ = {isa = PBXBuildFile; fileRef = 3C74729CC5ED79AF5BFA4522 /* Pods_RealTimeController.framework */; };
/* End PBXBuildFile section */

/* Begin PBXContainerItemProxy section */
		5FF0438823B5843800E94B8A /* PBXContainerItemProxy */ = {
			isa = PBXContainerItemProxy;
			containerPortal = 5FF0437423B5843800E94B8A /* Project object */;
			proxyType = 1;
			remoteGlobalIDString = 5FF0437C23B5843800E94B8A;
			remoteInfo = RealTimeController;
		};
/* End PBXContainerItemProxy section */

/* Begin PBXFileReference section */
		1E63A49CBF66DCFE3B262402 /* Pods-RealTimeController-RealTimeControllerTests.release.xcconfig */ = {isa = PBXFileReference; includeInIndex = 1; lastKnownFileType = text.xcconfig; name = "Pods-RealTimeController-RealTimeControllerTests.release.xcconfig"; path = "Target Support Files/Pods-RealTimeController-RealTimeControllerTests/Pods-RealTimeController-RealTimeControllerTests.release.xcconfig"; sourceTree = "<group>"; };
		3C74729CC5ED79AF5BFA4522 /* Pods_RealTimeController.framework */ = {isa = PBXFileReference; explicitFileType = wrapper.framework; includeInIndex = 0; path = Pods_RealTimeController.framework; sourceTree = BUILT_PRODUCTS_DIR; };
		4FE4623259F5D6DBD87029F1 /* Pods_RealTimeController_RealTimeControllerTests.framework */ = {isa = PBXFileReference; explicitFileType = wrapper.framework; includeInIndex = 0; path = Pods_RealTimeController_RealTimeControllerTests.framework; sourceTree = BUILT_PRODUCTS_DIR; };
		5C6CA6A4214F155332121A61 /* Pods-RealTimeController.release.xcconfig */ = {isa = PBXFileReference; includeInIndex = 1; lastKnownFileType = text.xcconfig; name = "Pods-RealTimeController.release.xcconfig"; path = "Target Support Files/Pods-RealTimeController/Pods-RealTimeController.release.xcconfig"; sourceTree = "<group>"; };
		5F28A14623B5854600709E19 /* DEUCE_Framework.framework */ = {isa = PBXFileReference; explicitFileType = wrapper.framework; path = DEUCE_Framework.framework; sourceTree = BUILT_PRODUCTS_DIR; };
		5FC7A49B23E0FCA100D91DCD /* RealTimeAzureConnection.swift */ = {isa = PBXFileReference; lastKnownFileType = sourcecode.swift; path = RealTimeAzureConnection.swift; sourceTree = "<group>"; };
		5FC7A49D23E0FD0400D91DCD /* SignalRClient.swift */ = {isa = PBXFileReference; lastKnownFileType = sourcecode.swift; path = SignalRClient.swift; sourceTree = "<group>"; };
		5FC7A49F23E10AE300D91DCD /* RealTimeConnectionClientTests.swift */ = {isa = PBXFileReference; fileEncoding = 4; lastKnownFileType = sourcecode.swift; path = RealTimeConnectionClientTests.swift; sourceTree = "<group>"; };
		5FF0437D23B5843800E94B8A /* RealTimeController.framework */ = {isa = PBXFileReference; explicitFileType = wrapper.framework; includeInIndex = 0; path = RealTimeController.framework; sourceTree = BUILT_PRODUCTS_DIR; };
		5FF0438023B5843800E94B8A /* RealTimeController.h */ = {isa = PBXFileReference; lastKnownFileType = sourcecode.c.h; path = RealTimeController.h; sourceTree = "<group>"; };
		5FF0438123B5843800E94B8A /* Info.plist */ = {isa = PBXFileReference; lastKnownFileType = text.plist.xml; path = Info.plist; sourceTree = "<group>"; };
		5FF0438623B5843800E94B8A /* RealTimeControllerTests.xctest */ = {isa = PBXFileReference; explicitFileType = wrapper.cfbundle; includeInIndex = 0; path = RealTimeControllerTests.xctest; sourceTree = BUILT_PRODUCTS_DIR; };
		5FF0438D23B5843800E94B8A /* Info.plist */ = {isa = PBXFileReference; lastKnownFileType = text.plist.xml; path = Info.plist; sourceTree = "<group>"; };
		AB9DFCFB16756D78510689FC /* Pods-RealTimeController-RealTimeControllerTests.debug.xcconfig */ = {isa = PBXFileReference; includeInIndex = 1; lastKnownFileType = text.xcconfig; name = "Pods-RealTimeController-RealTimeControllerTests.debug.xcconfig"; path = "Target Support Files/Pods-RealTimeController-RealTimeControllerTests/Pods-RealTimeController-RealTimeControllerTests.debug.xcconfig"; sourceTree = "<group>"; };
		BA3B39311FD916CB6E677589 /* Pods-RealTimeController.debug.xcconfig */ = {isa = PBXFileReference; includeInIndex = 1; lastKnownFileType = text.xcconfig; name = "Pods-RealTimeController.debug.xcconfig"; path = "Target Support Files/Pods-RealTimeController/Pods-RealTimeController.debug.xcconfig"; sourceTree = "<group>"; };
/* End PBXFileReference section */

/* Begin PBXFrameworksBuildPhase section */
		5FF0437A23B5843800E94B8A /* Frameworks */ = {
			isa = PBXFrameworksBuildPhase;
			buildActionMask = 2147483647;
			files = (
				5F28A14723B5854600709E19 /* DEUCE_Framework.framework in Frameworks */,
				68A6A5C4245EC3EE8F2E5C1D /* Pods_RealTimeController.framework in Frameworks */,
			);
			runOnlyForDeploymentPostprocessing = 0;
		};
		5FF0438323B5843800E94B8A /* Frameworks */ = {
			isa = PBXFrameworksBuildPhase;
			buildActionMask = 2147483647;
			files = (
				5FF0438723B5843800E94B8A /* RealTimeController.framework in Frameworks */,
				4D5B8B213FB2FF0FCFDD0974 /* Pods_RealTimeController_RealTimeControllerTests.framework in Frameworks */,
			);
			runOnlyForDeploymentPostprocessing = 0;
		};
/* End PBXFrameworksBuildPhase section */

/* Begin PBXGroup section */
		3BE5F32FFDC70BA5DEA988E3 /* Pods */ = {
			isa = PBXGroup;
			children = (
				BA3B39311FD916CB6E677589 /* Pods-RealTimeController.debug.xcconfig */,
				5C6CA6A4214F155332121A61 /* Pods-RealTimeController.release.xcconfig */,
				AB9DFCFB16756D78510689FC /* Pods-RealTimeController-RealTimeControllerTests.debug.xcconfig */,
				1E63A49CBF66DCFE3B262402 /* Pods-RealTimeController-RealTimeControllerTests.release.xcconfig */,
			);
			path = Pods;
			sourceTree = "<group>";
		};
		5FF0437323B5843800E94B8A = {
			isa = PBXGroup;
			children = (
				5FF0437F23B5843800E94B8A /* RealTimeController */,
				5FF0438A23B5843800E94B8A /* RealTimeControllerTests */,
				5FF0437E23B5843800E94B8A /* Products */,
				3BE5F32FFDC70BA5DEA988E3 /* Pods */,
				95C32A7D124BE8FF7638AE4C /* Frameworks */,
			);
			sourceTree = "<group>";
		};
		5FF0437E23B5843800E94B8A /* Products */ = {
			isa = PBXGroup;
			children = (
				5FF0437D23B5843800E94B8A /* RealTimeController.framework */,
				5FF0438623B5843800E94B8A /* RealTimeControllerTests.xctest */,
			);
			name = Products;
			sourceTree = "<group>";
		};
		5FF0437F23B5843800E94B8A /* RealTimeController */ = {
			isa = PBXGroup;
			children = (
				5FF0438023B5843800E94B8A /* RealTimeController.h */,
				5FF0438123B5843800E94B8A /* Info.plist */,
				5FC7A49B23E0FCA100D91DCD /* RealTimeAzureConnection.swift */,
				5FC7A49D23E0FD0400D91DCD /* SignalRClient.swift */,
			);
			path = RealTimeController;
			sourceTree = "<group>";
		};
		5FF0438A23B5843800E94B8A /* RealTimeControllerTests */ = {
			isa = PBXGroup;
			children = (
				5FC7A49F23E10AE300D91DCD /* RealTimeConnectionClientTests.swift */,
				5FF0438D23B5843800E94B8A /* Info.plist */,
			);
			path = RealTimeControllerTests;
			sourceTree = "<group>";
		};
		95C32A7D124BE8FF7638AE4C /* Frameworks */ = {
			isa = PBXGroup;
			children = (
				5F28A14623B5854600709E19 /* DEUCE_Framework.framework */,
				3C74729CC5ED79AF5BFA4522 /* Pods_RealTimeController.framework */,
				4FE4623259F5D6DBD87029F1 /* Pods_RealTimeController_RealTimeControllerTests.framework */,
			);
			name = Frameworks;
			sourceTree = "<group>";
		};
/* End PBXGroup section */

/* Begin PBXHeadersBuildPhase section */
		5FF0437823B5843800E94B8A /* Headers */ = {
			isa = PBXHeadersBuildPhase;
			buildActionMask = 2147483647;
			files = (
				5FF0438E23B5843800E94B8A /* RealTimeController.h in Headers */,
			);
			runOnlyForDeploymentPostprocessing = 0;
		};
/* End PBXHeadersBuildPhase section */

/* Begin PBXNativeTarget section */
		5FF0437C23B5843800E94B8A /* RealTimeController */ = {
			isa = PBXNativeTarget;
			buildConfigurationList = 5FF0439123B5843800E94B8A /* Build configuration list for PBXNativeTarget "RealTimeController" */;
			buildPhases = (
				2545EC8CE8C5C4779A7AA52F /* [CP] Check Pods Manifest.lock */,
				5FF0437823B5843800E94B8A /* Headers */,
				5FF0437923B5843800E94B8A /* Sources */,
				5FF0437A23B5843800E94B8A /* Frameworks */,
				5FF0437B23B5843800E94B8A /* Resources */,
			);
			buildRules = (
			);
			dependencies = (
			);
			name = RealTimeController;
			productName = RealTimeController;
			productReference = 5FF0437D23B5843800E94B8A /* RealTimeController.framework */;
			productType = "com.apple.product-type.framework";
		};
		5FF0438523B5843800E94B8A /* RealTimeControllerTests */ = {
			isa = PBXNativeTarget;
			buildConfigurationList = 5FF0439423B5843800E94B8A /* Build configuration list for PBXNativeTarget "RealTimeControllerTests" */;
			buildPhases = (
				393E4171F09872A0B1E7788E /* [CP] Check Pods Manifest.lock */,
				5FF0438223B5843800E94B8A /* Sources */,
				5FF0438323B5843800E94B8A /* Frameworks */,
				5FF0438423B5843800E94B8A /* Resources */,
				6E5B14CA3D26E9097DF4EAE7 /* [CP] Embed Pods Frameworks */,
			);
			buildRules = (
			);
			dependencies = (
				5FF0438923B5843800E94B8A /* PBXTargetDependency */,
			);
			name = RealTimeControllerTests;
			productName = RealTimeControllerTests;
			productReference = 5FF0438623B5843800E94B8A /* RealTimeControllerTests.xctest */;
			productType = "com.apple.product-type.bundle.unit-test";
		};
/* End PBXNativeTarget section */

/* Begin PBXProject section */
		5FF0437423B5843800E94B8A /* Project object */ = {
			isa = PBXProject;
			attributes = {
				LastSwiftUpdateCheck = 1020;
				LastUpgradeCheck = 1020;
				ORGANIZATIONNAME = DEUCE;
				TargetAttributes = {
					5FF0437C23B5843800E94B8A = {
						CreatedOnToolsVersion = 10.2.1;
						LastSwiftMigration = 1130;
					};
					5FF0438523B5843800E94B8A = {
						CreatedOnToolsVersion = 10.2.1;
						LastSwiftMigration = 1130;
					};
				};
			};
			buildConfigurationList = 5FF0437723B5843800E94B8A /* Build configuration list for PBXProject "RealTimeController" */;
			compatibilityVersion = "Xcode 9.3";
			developmentRegion = en;
			hasScannedForEncodings = 0;
			knownRegions = (
				en,
			);
			mainGroup = 5FF0437323B5843800E94B8A;
			productRefGroup = 5FF0437E23B5843800E94B8A /* Products */;
			projectDirPath = "";
			projectRoot = "";
			targets = (
				5FF0437C23B5843800E94B8A /* RealTimeController */,
				5FF0438523B5843800E94B8A /* RealTimeControllerTests */,
			);
		};
/* End PBXProject section */

/* Begin PBXResourcesBuildPhase section */
		5FF0437B23B5843800E94B8A /* Resources */ = {
			isa = PBXResourcesBuildPhase;
			buildActionMask = 2147483647;
			files = (
			);
			runOnlyForDeploymentPostprocessing = 0;
		};
		5FF0438423B5843800E94B8A /* Resources */ = {
			isa = PBXResourcesBuildPhase;
			buildActionMask = 2147483647;
			files = (
			);
			runOnlyForDeploymentPostprocessing = 0;
		};
/* End PBXResourcesBuildPhase section */

/* Begin PBXShellScriptBuildPhase section */
		2545EC8CE8C5C4779A7AA52F /* [CP] Check Pods Manifest.lock */ = {
			isa = PBXShellScriptBuildPhase;
			buildActionMask = 2147483647;
			files = (
			);
			inputFileListPaths = (
			);
			inputPaths = (
				"${PODS_PODFILE_DIR_PATH}/Podfile.lock",
				"${PODS_ROOT}/Manifest.lock",
			);
			name = "[CP] Check Pods Manifest.lock";
			outputFileListPaths = (
			);
			outputPaths = (
				"$(DERIVED_FILE_DIR)/Pods-RealTimeController-checkManifestLockResult.txt",
			);
			runOnlyForDeploymentPostprocessing = 0;
			shellPath = /bin/sh;
			shellScript = "diff \"${PODS_PODFILE_DIR_PATH}/Podfile.lock\" \"${PODS_ROOT}/Manifest.lock\" > /dev/null\nif [ $? != 0 ] ; then\n    # print error to STDERR\n    echo \"error: The sandbox is not in sync with the Podfile.lock. Run 'pod install' or update your CocoaPods installation.\" >&2\n    exit 1\nfi\n# This output is used by Xcode 'outputs' to avoid re-running this script phase.\necho \"SUCCESS\" > \"${SCRIPT_OUTPUT_FILE_0}\"\n";
			showEnvVarsInLog = 0;
		};
		393E4171F09872A0B1E7788E /* [CP] Check Pods Manifest.lock */ = {
			isa = PBXShellScriptBuildPhase;
			buildActionMask = 2147483647;
			files = (
			);
			inputFileListPaths = (
			);
			inputPaths = (
				"${PODS_PODFILE_DIR_PATH}/Podfile.lock",
				"${PODS_ROOT}/Manifest.lock",
			);
			name = "[CP] Check Pods Manifest.lock";
			outputFileListPaths = (
			);
			outputPaths = (
				"$(DERIVED_FILE_DIR)/Pods-RealTimeController-RealTimeControllerTests-checkManifestLockResult.txt",
			);
			runOnlyForDeploymentPostprocessing = 0;
			shellPath = /bin/sh;
			shellScript = "diff \"${PODS_PODFILE_DIR_PATH}/Podfile.lock\" \"${PODS_ROOT}/Manifest.lock\" > /dev/null\nif [ $? != 0 ] ; then\n    # print error to STDERR\n    echo \"error: The sandbox is not in sync with the Podfile.lock. Run 'pod install' or update your CocoaPods installation.\" >&2\n    exit 1\nfi\n# This output is used by Xcode 'outputs' to avoid re-running this script phase.\necho \"SUCCESS\" > \"${SCRIPT_OUTPUT_FILE_0}\"\n";
			showEnvVarsInLog = 0;
		};
		6E5B14CA3D26E9097DF4EAE7 /* [CP] Embed Pods Frameworks */ = {
			isa = PBXShellScriptBuildPhase;
			buildActionMask = 2147483647;
			files = (
			);
			inputFileListPaths = (
				"${PODS_ROOT}/Target Support Files/Pods-RealTimeController-RealTimeControllerTests/Pods-RealTimeController-RealTimeControllerTests-frameworks-${CONFIGURATION}-input-files.xcfilelist",
			);
			name = "[CP] Embed Pods Frameworks";
			outputFileListPaths = (
				"${PODS_ROOT}/Target Support Files/Pods-RealTimeController-RealTimeControllerTests/Pods-RealTimeController-RealTimeControllerTests-frameworks-${CONFIGURATION}-output-files.xcfilelist",
			);
			runOnlyForDeploymentPostprocessing = 0;
			shellPath = /bin/sh;
			shellScript = "\"${PODS_ROOT}/Target Support Files/Pods-RealTimeController-RealTimeControllerTests/Pods-RealTimeController-RealTimeControllerTests-frameworks.sh\"\n";
			showEnvVarsInLog = 0;
		};
/* End PBXShellScriptBuildPhase section */

/* Begin PBXSourcesBuildPhase section */
		5FF0437923B5843800E94B8A /* Sources */ = {
			isa = PBXSourcesBuildPhase;
			buildActionMask = 2147483647;
			files = (
				5FC7A49C23E0FCA100D91DCD /* RealTimeAzureConnection.swift in Sources */,
				5FC7A49E23E0FD0400D91DCD /* SignalRClient.swift in Sources */,
			);
			runOnlyForDeploymentPostprocessing = 0;
		};
		5FF0438223B5843800E94B8A /* Sources */ = {
			isa = PBXSourcesBuildPhase;
			buildActionMask = 2147483647;
			files = (
				5FC7A4A023E10AE300D91DCD /* RealTimeConnectionClientTests.swift in Sources */,
			);
			runOnlyForDeploymentPostprocessing = 0;
		};
/* End PBXSourcesBuildPhase section */

/* Begin PBXTargetDependency section */
		5FF0438923B5843800E94B8A /* PBXTargetDependency */ = {
			isa = PBXTargetDependency;
			target = 5FF0437C23B5843800E94B8A /* RealTimeController */;
			targetProxy = 5FF0438823B5843800E94B8A /* PBXContainerItemProxy */;
		};
/* End PBXTargetDependency section */

/* Begin XCBuildConfiguration section */
		5FF0438F23B5843800E94B8A /* Debug */ = {
			isa = XCBuildConfiguration;
			buildSettings = {
				ALWAYS_SEARCH_USER_PATHS = NO;
				CLANG_ANALYZER_NONNULL = YES;
				CLANG_ANALYZER_NUMBER_OBJECT_CONVERSION = YES_AGGRESSIVE;
				CLANG_CXX_LANGUAGE_STANDARD = "gnu++14";
				CLANG_CXX_LIBRARY = "libc++";
				CLANG_ENABLE_MODULES = YES;
				CLANG_ENABLE_OBJC_ARC = YES;
				CLANG_ENABLE_OBJC_WEAK = YES;
				CLANG_WARN_BLOCK_CAPTURE_AUTORELEASING = YES;
				CLANG_WARN_BOOL_CONVERSION = YES;
				CLANG_WARN_COMMA = YES;
				CLANG_WARN_CONSTANT_CONVERSION = YES;
				CLANG_WARN_DEPRECATED_OBJC_IMPLEMENTATIONS = YES;
				CLANG_WARN_DIRECT_OBJC_ISA_USAGE = YES_ERROR;
				CLANG_WARN_DOCUMENTATION_COMMENTS = YES;
				CLANG_WARN_EMPTY_BODY = YES;
				CLANG_WARN_ENUM_CONVERSION = YES;
				CLANG_WARN_INFINITE_RECURSION = YES;
				CLANG_WARN_INT_CONVERSION = YES;
				CLANG_WARN_NON_LITERAL_NULL_CONVERSION = YES;
				CLANG_WARN_OBJC_IMPLICIT_RETAIN_SELF = YES;
				CLANG_WARN_OBJC_LITERAL_CONVERSION = YES;
				CLANG_WARN_OBJC_ROOT_CLASS = YES_ERROR;
				CLANG_WARN_RANGE_LOOP_ANALYSIS = YES;
				CLANG_WARN_STRICT_PROTOTYPES = YES;
				CLANG_WARN_SUSPICIOUS_MOVE = YES;
				CLANG_WARN_UNGUARDED_AVAILABILITY = YES_AGGRESSIVE;
				CLANG_WARN_UNREACHABLE_CODE = YES;
				CLANG_WARN__DUPLICATE_METHOD_MATCH = YES;
				CODE_SIGN_IDENTITY = "iPhone Developer";
				COPY_PHASE_STRIP = NO;
				CURRENT_PROJECT_VERSION = 1;
				DEBUG_INFORMATION_FORMAT = dwarf;
				ENABLE_STRICT_OBJC_MSGSEND = YES;
				ENABLE_TESTABILITY = YES;
				GCC_C_LANGUAGE_STANDARD = gnu11;
				GCC_DYNAMIC_NO_PIC = NO;
				GCC_NO_COMMON_BLOCKS = YES;
				GCC_OPTIMIZATION_LEVEL = 0;
				GCC_PREPROCESSOR_DEFINITIONS = (
					"DEBUG=1",
					"$(inherited)",
				);
				GCC_WARN_64_TO_32_BIT_CONVERSION = YES;
				GCC_WARN_ABOUT_RETURN_TYPE = YES_ERROR;
				GCC_WARN_UNDECLARED_SELECTOR = YES;
				GCC_WARN_UNINITIALIZED_AUTOS = YES_AGGRESSIVE;
				GCC_WARN_UNUSED_FUNCTION = YES;
				GCC_WARN_UNUSED_VARIABLE = YES;
				IPHONEOS_DEPLOYMENT_TARGET = 12.2;
				MTL_ENABLE_DEBUG_INFO = INCLUDE_SOURCE;
				MTL_FAST_MATH = YES;
				ONLY_ACTIVE_ARCH = YES;
				SDKROOT = iphoneos;
				SWIFT_ACTIVE_COMPILATION_CONDITIONS = DEBUG;
				SWIFT_OPTIMIZATION_LEVEL = "-Onone";
				VERSIONING_SYSTEM = "apple-generic";
				VERSION_INFO_PREFIX = "";
			};
			name = Debug;
		};
		5FF0439023B5843800E94B8A /* Release */ = {
			isa = XCBuildConfiguration;
			buildSettings = {
				ALWAYS_SEARCH_USER_PATHS = NO;
				CLANG_ANALYZER_NONNULL = YES;
				CLANG_ANALYZER_NUMBER_OBJECT_CONVERSION = YES_AGGRESSIVE;
				CLANG_CXX_LANGUAGE_STANDARD = "gnu++14";
				CLANG_CXX_LIBRARY = "libc++";
				CLANG_ENABLE_MODULES = YES;
				CLANG_ENABLE_OBJC_ARC = YES;
				CLANG_ENABLE_OBJC_WEAK = YES;
				CLANG_WARN_BLOCK_CAPTURE_AUTORELEASING = YES;
				CLANG_WARN_BOOL_CONVERSION = YES;
				CLANG_WARN_COMMA = YES;
				CLANG_WARN_CONSTANT_CONVERSION = YES;
				CLANG_WARN_DEPRECATED_OBJC_IMPLEMENTATIONS = YES;
				CLANG_WARN_DIRECT_OBJC_ISA_USAGE = YES_ERROR;
				CLANG_WARN_DOCUMENTATION_COMMENTS = YES;
				CLANG_WARN_EMPTY_BODY = YES;
				CLANG_WARN_ENUM_CONVERSION = YES;
				CLANG_WARN_INFINITE_RECURSION = YES;
				CLANG_WARN_INT_CONVERSION = YES;
				CLANG_WARN_NON_LITERAL_NULL_CONVERSION = YES;
				CLANG_WARN_OBJC_IMPLICIT_RETAIN_SELF = YES;
				CLANG_WARN_OBJC_LITERAL_CONVERSION = YES;
				CLANG_WARN_OBJC_ROOT_CLASS = YES_ERROR;
				CLANG_WARN_RANGE_LOOP_ANALYSIS = YES;
				CLANG_WARN_STRICT_PROTOTYPES = YES;
				CLANG_WARN_SUSPICIOUS_MOVE = YES;
				CLANG_WARN_UNGUARDED_AVAILABILITY = YES_AGGRESSIVE;
				CLANG_WARN_UNREACHABLE_CODE = YES;
				CLANG_WARN__DUPLICATE_METHOD_MATCH = YES;
				CODE_SIGN_IDENTITY = "iPhone Developer";
				COPY_PHASE_STRIP = NO;
				CURRENT_PROJECT_VERSION = 1;
				DEBUG_INFORMATION_FORMAT = "dwarf-with-dsym";
				ENABLE_NS_ASSERTIONS = NO;
				ENABLE_STRICT_OBJC_MSGSEND = YES;
				GCC_C_LANGUAGE_STANDARD = gnu11;
				GCC_NO_COMMON_BLOCKS = YES;
				GCC_WARN_64_TO_32_BIT_CONVERSION = YES;
				GCC_WARN_ABOUT_RETURN_TYPE = YES_ERROR;
				GCC_WARN_UNDECLARED_SELECTOR = YES;
				GCC_WARN_UNINITIALIZED_AUTOS = YES_AGGRESSIVE;
				GCC_WARN_UNUSED_FUNCTION = YES;
				GCC_WARN_UNUSED_VARIABLE = YES;
				IPHONEOS_DEPLOYMENT_TARGET = 12.2;
				MTL_ENABLE_DEBUG_INFO = NO;
				MTL_FAST_MATH = YES;
				SDKROOT = iphoneos;
				SWIFT_COMPILATION_MODE = wholemodule;
				SWIFT_OPTIMIZATION_LEVEL = "-O";
				VALIDATE_PRODUCT = YES;
				VERSIONING_SYSTEM = "apple-generic";
				VERSION_INFO_PREFIX = "";
			};
			name = Release;
		};
		5FF0439223B5843800E94B8A /* Debug */ = {
			isa = XCBuildConfiguration;
			baseConfigurationReference = BA3B39311FD916CB6E677589 /* Pods-RealTimeController.debug.xcconfig */;
			buildSettings = {
				CLANG_ENABLE_MODULES = YES;
				CODE_SIGN_IDENTITY = "";
				CODE_SIGN_STYLE = Automatic;
				DEFINES_MODULE = YES;
				DEVELOPMENT_TEAM = BV8HVD6H7Z;
				DYLIB_COMPATIBILITY_VERSION = 1;
				DYLIB_CURRENT_VERSION = 1;
				DYLIB_INSTALL_NAME_BASE = "@rpath";
				INFOPLIST_FILE = RealTimeController/Info.plist;
				INSTALL_PATH = "$(LOCAL_LIBRARY_DIR)/Frameworks";
				LD_RUNPATH_SEARCH_PATHS = (
					"$(inherited)",
					"@executable_path/Frameworks",
					"@loader_path/Frameworks",
				);
				PRODUCT_BUNDLE_IDENTIFIER = com.DEUCE.RealTimeController;
				PRODUCT_NAME = "$(TARGET_NAME:c99extidentifier)";
				SKIP_INSTALL = YES;
				SWIFT_OPTIMIZATION_LEVEL = "-Onone";
				SWIFT_VERSION = 5.0;
				TARGETED_DEVICE_FAMILY = "1,2";
			};
			name = Debug;
		};
		5FF0439323B5843800E94B8A /* Release */ = {
			isa = XCBuildConfiguration;
			baseConfigurationReference = 5C6CA6A4214F155332121A61 /* Pods-RealTimeController.release.xcconfig */;
			buildSettings = {
				CLANG_ENABLE_MODULES = YES;
				CODE_SIGN_IDENTITY = "";
				CODE_SIGN_STYLE = Automatic;
				DEFINES_MODULE = YES;
				DEVELOPMENT_TEAM = BV8HVD6H7Z;
				DYLIB_COMPATIBILITY_VERSION = 1;
				DYLIB_CURRENT_VERSION = 1;
				DYLIB_INSTALL_NAME_BASE = "@rpath";
				INFOPLIST_FILE = RealTimeController/Info.plist;
				INSTALL_PATH = "$(LOCAL_LIBRARY_DIR)/Frameworks";
				LD_RUNPATH_SEARCH_PATHS = (
					"$(inherited)",
					"@executable_path/Frameworks",
					"@loader_path/Frameworks",
				);
				PRODUCT_BUNDLE_IDENTIFIER = com.DEUCE.RealTimeController;
				PRODUCT_NAME = "$(TARGET_NAME:c99extidentifier)";
				SKIP_INSTALL = YES;
				SWIFT_VERSION = 5.0;
				TARGETED_DEVICE_FAMILY = "1,2";
			};
			name = Release;
		};
		5FF0439523B5843800E94B8A /* Debug */ = {
			isa = XCBuildConfiguration;
			baseConfigurationReference = AB9DFCFB16756D78510689FC /* Pods-RealTimeController-RealTimeControllerTests.debug.xcconfig */;
			buildSettings = {
				ALWAYS_EMBED_SWIFT_STANDARD_LIBRARIES = YES;
				CLANG_ENABLE_MODULES = YES;
				CODE_SIGN_STYLE = Automatic;
				DEVELOPMENT_TEAM = BV8HVD6H7Z;
				INFOPLIST_FILE = RealTimeControllerTests/Info.plist;
				LD_RUNPATH_SEARCH_PATHS = (
					"$(inherited)",
					"@executable_path/Frameworks",
					"@loader_path/Frameworks",
				);
				PRODUCT_BUNDLE_IDENTIFIER = com.DEUCE.RealTimeControllerTests;
				PRODUCT_NAME = "$(TARGET_NAME)";
				SWIFT_OPTIMIZATION_LEVEL = "-Onone";
				SWIFT_VERSION = 5.0;
				TARGETED_DEVICE_FAMILY = "1,2";
			};
			name = Debug;
		};
		5FF0439623B5843800E94B8A /* Release */ = {
			isa = XCBuildConfiguration;
			baseConfigurationReference = 1E63A49CBF66DCFE3B262402 /* Pods-RealTimeController-RealTimeControllerTests.release.xcconfig */;
			buildSettings = {
				ALWAYS_EMBED_SWIFT_STANDARD_LIBRARIES = YES;
				CLANG_ENABLE_MODULES = YES;
				CODE_SIGN_STYLE = Automatic;
				DEVELOPMENT_TEAM = BV8HVD6H7Z;
				INFOPLIST_FILE = RealTimeControllerTests/Info.plist;
				LD_RUNPATH_SEARCH_PATHS = (
					"$(inherited)",
					"@executable_path/Frameworks",
					"@loader_path/Frameworks",
				);
				PRODUCT_BUNDLE_IDENTIFIER = com.DEUCE.RealTimeControllerTests;
				PRODUCT_NAME = "$(TARGET_NAME)";
				SWIFT_VERSION = 5.0;
				TARGETED_DEVICE_FAMILY = "1,2";
			};
			name = Release;
		};
/* End XCBuildConfiguration section */

/* Begin XCConfigurationList section */
		5FF0437723B5843800E94B8A /* Build configuration list for PBXProject "RealTimeController" */ = {
			isa = XCConfigurationList;
			buildConfigurations = (
				5FF0438F23B5843800E94B8A /* Debug */,
				5FF0439023B5843800E94B8A /* Release */,
			);
			defaultConfigurationIsVisible = 0;
			defaultConfigurationName = Release;
		};
		5FF0439123B5843800E94B8A /* Build configuration list for PBXNativeTarget "RealTimeController" */ = {
			isa = XCConfigurationList;
			buildConfigurations = (
				5FF0439223B5843800E94B8A /* Debug */,
				5FF0439323B5843800E94B8A /* Release */,
			);
			defaultConfigurationIsVisible = 0;
			defaultConfigurationName = Release;
		};
		5FF0439423B5843800E94B8A /* Build configuration list for PBXNativeTarget "RealTimeControllerTests" */ = {
			isa = XCConfigurationList;
			buildConfigurations = (
				5FF0439523B5843800E94B8A /* Debug */,
				5FF0439623B5843800E94B8A /* Release */,
			);
			defaultConfigurationIsVisible = 0;
			defaultConfigurationName = Release;
		};
/* End XCConfigurationList section */
	};
	rootObject = 5FF0437423B5843800E94B8A /* Project object */;
}
