// !$*UTF8*$!
{
	archiveVersion = 1;
	classes = {
	};
	objectVersion = 50;
	objects = {

/* Begin PBXBuildFile section */
		5F0A1E45230B11FD00E8DD71 /* XCTestCase+MemoryLeakTracking.swift in Sources */ = {isa = PBXBuildFile; fileRef = 5F0A1E44230B11FD00E8DD71 /* XCTestCase+MemoryLeakTracking.swift */; };
		5F0A1E47230B2C5600E8DD71 /* URLSessionHTTPClient.swift in Sources */ = {isa = PBXBuildFile; fileRef = 5F0A1E46230B2C5600E8DD71 /* URLSessionHTTPClient.swift */; };
		5F349D4322824AB20058AF4F /* RemoteConversationStatusLoaderTests.swift in Sources */ = {isa = PBXBuildFile; fileRef = 5F349D4222824AB20058AF4F /* RemoteConversationStatusLoaderTests.swift */; };
		5F349D4622824AFC0058AF4F /* RemoteConversationStatusLoader.swift in Sources */ = {isa = PBXBuildFile; fileRef = 5F349D4522824AFC0058AF4F /* RemoteConversationStatusLoader.swift */; };
		5F4B31E3230E00CB002CF83F /* DEUCEiOS.framework in Frameworks */ = {isa = PBXBuildFile; fileRef = 5F4B31DA230E00CB002CF83F /* DEUCEiOS.framework */; };
		5F60848D228616E100B23235 /* DateFormatter+Deuce.swift in Sources */ = {isa = PBXBuildFile; fileRef = 5F60848C228616E100B23235 /* DateFormatter+Deuce.swift */; };
		5F6FE3C82292301C0077F8B8 /* URLSessionHTTPClientTests.swift in Sources */ = {isa = PBXBuildFile; fileRef = 5F6FE3C72292301C0077F8B8 /* URLSessionHTTPClientTests.swift */; };
		5F7CAF0C2316EED00088D5AC /* ConversationStatusTests+LoaderSpy.swift in Sources */ = {isa = PBXBuildFile; fileRef = 5F7CAF0B2316EED00088D5AC /* ConversationStatusTests+LoaderSpy.swift */; };
		5F7CAF102316FBA30088D5AC /* ConversationStatusCell.swift in Sources */ = {isa = PBXBuildFile; fileRef = 5F7CAF0F2316FBA30088D5AC /* ConversationStatusCell.swift */; };
		5F7CAF122316FFEB0088D5AC /* UIView+Shimmering.swift in Sources */ = {isa = PBXBuildFile; fileRef = 5F7CAF112316FFEB0088D5AC /* UIView+Shimmering.swift */; };
		5F8731F82288D90600DD3358 /* HTTPClient.swift in Sources */ = {isa = PBXBuildFile; fileRef = 5F8731F72288D90600DD3358 /* HTTPClient.swift */; };
		5F9491042290E078007531EE /* ConversationStatusLoader.swift in Sources */ = {isa = PBXBuildFile; fileRef = 5F9491032290E078007531EE /* ConversationStatusLoader.swift */; };
		5FEC4425230B680E001AFCA5 /* DEUCEConversationStatusEndToEndTests.swift in Sources */ = {isa = PBXBuildFile; fileRef = 5FEC4424230B680E001AFCA5 /* DEUCEConversationStatusEndToEndTests.swift */; };
		5FEC4427230B680E001AFCA5 /* DEUCE_Framework.framework in Frameworks */ = {isa = PBXBuildFile; fileRef = 5FF272B7228249BF00E4486C /* DEUCE_Framework.framework */; };
		5FEC442D230C53F4001AFCA5 /* XCTestCase+MemoryLeakTracking.swift in Sources */ = {isa = PBXBuildFile; fileRef = 5F0A1E44230B11FD00E8DD71 /* XCTestCase+MemoryLeakTracking.swift */; };
		5FEC442F230C8274001AFCA5 /* ConversationStatusMapper.swift in Sources */ = {isa = PBXBuildFile; fileRef = 5FEC442E230C8274001AFCA5 /* ConversationStatusMapper.swift */; };
		5FEC4431230C8302001AFCA5 /* ConversationStatus.swift in Sources */ = {isa = PBXBuildFile; fileRef = 5FEC4430230C8302001AFCA5 /* ConversationStatus.swift */; };
		5FEEF9122319882B00083C51 /* ConversationStatusRefreshViewController.swift in Sources */ = {isa = PBXBuildFile; fileRef = 5FEEF9112319882B00083C51 /* ConversationStatusRefreshViewController.swift */; };
		5FEEF9152319890C00083C51 /* ImageDataLoader.swift in Sources */ = {isa = PBXBuildFile; fileRef = 5FEEF9142319890C00083C51 /* ImageDataLoader.swift */; };
		5FF272C1228249BF00E4486C /* DEUCE_Framework.framework in Frameworks */ = {isa = PBXBuildFile; fileRef = 5FF272B7228249BF00E4486C /* DEUCE_Framework.framework */; };
		5FFBAFF8231495F30097D10A /* ConversationStatusTests.swift in Sources */ = {isa = PBXBuildFile; fileRef = 5FFBAFF7231495F30097D10A /* ConversationStatusTests.swift */; };
		5FFBAFFA23149C2E0097D10A /* DEUCE_Framework.framework in Frameworks */ = {isa = PBXBuildFile; fileRef = 5FF272B7228249BF00E4486C /* DEUCE_Framework.framework */; };
		5FFBAFFB23149CED0097D10A /* XCTestCase+MemoryLeakTracking.swift in Sources */ = {isa = PBXBuildFile; fileRef = 5F0A1E44230B11FD00E8DD71 /* XCTestCase+MemoryLeakTracking.swift */; };
		5FFBAFFD2314A0BE0097D10A /* ConversationStatusViewController.swift in Sources */ = {isa = PBXBuildFile; fileRef = 5FFBAFFC2314A0BE0097D10A /* ConversationStatusViewController.swift */; };
/* End PBXBuildFile section */

/* Begin PBXContainerItemProxy section */
		5F4B31E4230E00CB002CF83F /* PBXContainerItemProxy */ = {
			isa = PBXContainerItemProxy;
			containerPortal = 5FF272AE228249BF00E4486C /* Project object */;
			proxyType = 1;
			remoteGlobalIDString = 5F4B31D9230E00CB002CF83F;
			remoteInfo = DEUCEiOS;
		};
		5FEC4428230B680E001AFCA5 /* PBXContainerItemProxy */ = {
			isa = PBXContainerItemProxy;
			containerPortal = 5FF272AE228249BF00E4486C /* Project object */;
			proxyType = 1;
			remoteGlobalIDString = 5FF272B6228249BF00E4486C;
			remoteInfo = "DEUCE Framework";
		};
		5FF272C2228249BF00E4486C /* PBXContainerItemProxy */ = {
			isa = PBXContainerItemProxy;
			containerPortal = 5FF272AE228249BF00E4486C /* Project object */;
			proxyType = 1;
			remoteGlobalIDString = 5FF272B6228249BF00E4486C;
			remoteInfo = "DEUCE Framework";
		};
/* End PBXContainerItemProxy section */

/* Begin PBXFileReference section */
		5F0A1E44230B11FD00E8DD71 /* XCTestCase+MemoryLeakTracking.swift */ = {isa = PBXFileReference; lastKnownFileType = sourcecode.swift; path = "XCTestCase+MemoryLeakTracking.swift"; sourceTree = "<group>"; };
		5F0A1E46230B2C5600E8DD71 /* URLSessionHTTPClient.swift */ = {isa = PBXFileReference; lastKnownFileType = sourcecode.swift; path = URLSessionHTTPClient.swift; sourceTree = "<group>"; };
		5F349D4222824AB20058AF4F /* RemoteConversationStatusLoaderTests.swift */ = {isa = PBXFileReference; lastKnownFileType = sourcecode.swift; path = RemoteConversationStatusLoaderTests.swift; sourceTree = "<group>"; };
		5F349D4522824AFC0058AF4F /* RemoteConversationStatusLoader.swift */ = {isa = PBXFileReference; lastKnownFileType = sourcecode.swift; path = RemoteConversationStatusLoader.swift; sourceTree = "<group>"; };
		5F4B31DA230E00CB002CF83F /* DEUCEiOS.framework */ = {isa = PBXFileReference; explicitFileType = wrapper.framework; includeInIndex = 0; path = DEUCEiOS.framework; sourceTree = BUILT_PRODUCTS_DIR; };
		5F4B31DD230E00CB002CF83F /* Info.plist */ = {isa = PBXFileReference; lastKnownFileType = text.plist.xml; path = Info.plist; sourceTree = "<group>"; };
		5F4B31E2230E00CB002CF83F /* DEUCEiOSTests.xctest */ = {isa = PBXFileReference; explicitFileType = wrapper.cfbundle; includeInIndex = 0; path = DEUCEiOSTests.xctest; sourceTree = BUILT_PRODUCTS_DIR; };
		5F4B31E9230E00CB002CF83F /* Info.plist */ = {isa = PBXFileReference; lastKnownFileType = text.plist.xml; path = Info.plist; sourceTree = "<group>"; };
		5F60848C228616E100B23235 /* DateFormatter+Deuce.swift */ = {isa = PBXFileReference; lastKnownFileType = sourcecode.swift; path = "DateFormatter+Deuce.swift"; sourceTree = "<group>"; };
		5F6FE3C72292301C0077F8B8 /* URLSessionHTTPClientTests.swift */ = {isa = PBXFileReference; lastKnownFileType = sourcecode.swift; path = URLSessionHTTPClientTests.swift; sourceTree = "<group>"; };
		5F7CAF0B2316EED00088D5AC /* ConversationStatusTests+LoaderSpy.swift */ = {isa = PBXFileReference; lastKnownFileType = sourcecode.swift; path = "ConversationStatusTests+LoaderSpy.swift"; sourceTree = "<group>"; };
		5F7CAF0F2316FBA30088D5AC /* ConversationStatusCell.swift */ = {isa = PBXFileReference; lastKnownFileType = sourcecode.swift; path = ConversationStatusCell.swift; sourceTree = "<group>"; };
		5F7CAF112316FFEB0088D5AC /* UIView+Shimmering.swift */ = {isa = PBXFileReference; lastKnownFileType = sourcecode.swift; path = "UIView+Shimmering.swift"; sourceTree = "<group>"; };
		5F8731F72288D90600DD3358 /* HTTPClient.swift */ = {isa = PBXFileReference; lastKnownFileType = sourcecode.swift; path = HTTPClient.swift; sourceTree = "<group>"; };
		5F9491032290E078007531EE /* ConversationStatusLoader.swift */ = {isa = PBXFileReference; lastKnownFileType = sourcecode.swift; path = ConversationStatusLoader.swift; sourceTree = "<group>"; };
		5FEC4422230B680E001AFCA5 /* DEUCEConversationStatusEndToEndTests.xctest */ = {isa = PBXFileReference; explicitFileType = wrapper.cfbundle; includeInIndex = 0; path = DEUCEConversationStatusEndToEndTests.xctest; sourceTree = BUILT_PRODUCTS_DIR; };
		5FEC4424230B680E001AFCA5 /* DEUCEConversationStatusEndToEndTests.swift */ = {isa = PBXFileReference; lastKnownFileType = sourcecode.swift; path = DEUCEConversationStatusEndToEndTests.swift; sourceTree = "<group>"; };
		5FEC4426230B680E001AFCA5 /* Info.plist */ = {isa = PBXFileReference; lastKnownFileType = text.plist.xml; path = Info.plist; sourceTree = "<group>"; };
		5FEC442E230C8274001AFCA5 /* ConversationStatusMapper.swift */ = {isa = PBXFileReference; fileEncoding = 4; lastKnownFileType = sourcecode.swift; path = ConversationStatusMapper.swift; sourceTree = "<group>"; };
		5FEC4430230C8302001AFCA5 /* ConversationStatus.swift */ = {isa = PBXFileReference; fileEncoding = 4; lastKnownFileType = sourcecode.swift; path = ConversationStatus.swift; sourceTree = "<group>"; };
		5FEEF9112319882B00083C51 /* ConversationStatusRefreshViewController.swift */ = {isa = PBXFileReference; lastKnownFileType = sourcecode.swift; path = ConversationStatusRefreshViewController.swift; sourceTree = "<group>"; };
		5FEEF9142319890C00083C51 /* ImageDataLoader.swift */ = {isa = PBXFileReference; lastKnownFileType = sourcecode.swift; path = ImageDataLoader.swift; sourceTree = "<group>"; };
		5FF272B7228249BF00E4486C /* DEUCE_Framework.framework */ = {isa = PBXFileReference; explicitFileType = wrapper.framework; includeInIndex = 0; path = DEUCE_Framework.framework; sourceTree = BUILT_PRODUCTS_DIR; };
		5FF272BB228249BF00E4486C /* Info.plist */ = {isa = PBXFileReference; lastKnownFileType = text.plist.xml; path = Info.plist; sourceTree = "<group>"; };
		5FF272C0228249BF00E4486C /* DEUCE FrameworkTests.xctest */ = {isa = PBXFileReference; explicitFileType = wrapper.cfbundle; includeInIndex = 0; path = "DEUCE FrameworkTests.xctest"; sourceTree = BUILT_PRODUCTS_DIR; };
		5FF272C7228249BF00E4486C /* Info.plist */ = {isa = PBXFileReference; lastKnownFileType = text.plist.xml; path = Info.plist; sourceTree = "<group>"; };
		5FFBAFF6231495F30097D10A /* DEUCEiOSTests-Bridging-Header.h */ = {isa = PBXFileReference; lastKnownFileType = sourcecode.c.h; path = "DEUCEiOSTests-Bridging-Header.h"; sourceTree = "<group>"; };
		5FFBAFF7231495F30097D10A /* ConversationStatusTests.swift */ = {isa = PBXFileReference; lastKnownFileType = sourcecode.swift; path = ConversationStatusTests.swift; sourceTree = "<group>"; };
		5FFBAFFC2314A0BE0097D10A /* ConversationStatusViewController.swift */ = {isa = PBXFileReference; lastKnownFileType = sourcecode.swift; path = ConversationStatusViewController.swift; sourceTree = "<group>"; };
/* End PBXFileReference section */

/* Begin PBXFrameworksBuildPhase section */
		5F4B31D7230E00CB002CF83F /* Frameworks */ = {
			isa = PBXFrameworksBuildPhase;
			buildActionMask = 2147483647;
			files = (
				5FFBAFFA23149C2E0097D10A /* DEUCE_Framework.framework in Frameworks */,
			);
			runOnlyForDeploymentPostprocessing = 0;
		};
		5F4B31DF230E00CB002CF83F /* Frameworks */ = {
			isa = PBXFrameworksBuildPhase;
			buildActionMask = 2147483647;
			files = (
				5F4B31E3230E00CB002CF83F /* DEUCEiOS.framework in Frameworks */,
			);
			runOnlyForDeploymentPostprocessing = 0;
		};
		5FEC441F230B680E001AFCA5 /* Frameworks */ = {
			isa = PBXFrameworksBuildPhase;
			buildActionMask = 2147483647;
			files = (
				5FEC4427230B680E001AFCA5 /* DEUCE_Framework.framework in Frameworks */,
			);
			runOnlyForDeploymentPostprocessing = 0;
		};
		5FF272B4228249BF00E4486C /* Frameworks */ = {
			isa = PBXFrameworksBuildPhase;
			buildActionMask = 2147483647;
			files = (
			);
			runOnlyForDeploymentPostprocessing = 0;
		};
		5FF272BD228249BF00E4486C /* Frameworks */ = {
			isa = PBXFrameworksBuildPhase;
			buildActionMask = 2147483647;
			files = (
				5FF272C1228249BF00E4486C /* DEUCE_Framework.framework in Frameworks */,
			);
			runOnlyForDeploymentPostprocessing = 0;
		};
/* End PBXFrameworksBuildPhase section */

/* Begin PBXGroup section */
		5F0A1E42230B11C000E8DD71 /* Conversation Status API */ = {
			isa = PBXGroup;
			children = (
				5F0A1E43230B11D000E8DD71 /* Helpers */,
			);
			path = "Conversation Status API";
			sourceTree = "<group>";
		};
		5F0A1E43230B11D000E8DD71 /* Helpers */ = {
			isa = PBXGroup;
			children = (
				5F0A1E44230B11FD00E8DD71 /* XCTestCase+MemoryLeakTracking.swift */,
			);
			path = Helpers;
			sourceTree = "<group>";
		};
		5F349D4422824AE20058AF4F /* Conversations API */ = {
			isa = PBXGroup;
			children = (
				5FEC442E230C8274001AFCA5 /* ConversationStatusMapper.swift */,
				5F349D4522824AFC0058AF4F /* RemoteConversationStatusLoader.swift */,
				5F8731F72288D90600DD3358 /* HTTPClient.swift */,
				5F0A1E46230B2C5600E8DD71 /* URLSessionHTTPClient.swift */,
			);
			path = "Conversations API";
			sourceTree = "<group>";
		};
		5F4B31DB230E00CB002CF83F /* DEUCEiOS */ = {
			isa = PBXGroup;
			children = (
				5FEEF913231988E600083C51 /* ImageDataLoader */,
				5FEEF9102319881300083C51 /* Controllers */,
				5F7CAF0E2316FB820088D5AC /* Views */,
				5F4B31DD230E00CB002CF83F /* Info.plist */,
			);
			path = DEUCEiOS;
			sourceTree = "<group>";
		};
		5F4B31E6230E00CB002CF83F /* DEUCEiOSTests */ = {
			isa = PBXGroup;
			children = (
				5F7CAF0D2316F4750088D5AC /* Helpers */,
				5F4B31E9230E00CB002CF83F /* Info.plist */,
				5FFBAFF7231495F30097D10A /* ConversationStatusTests.swift */,
				5FFBAFF6231495F30097D10A /* DEUCEiOSTests-Bridging-Header.h */,
			);
			path = DEUCEiOSTests;
			sourceTree = "<group>";
		};
		5F5708D12283884800D856D5 /* Conversation Feature */ = {
			isa = PBXGroup;
			children = (
				5FEC4430230C8302001AFCA5 /* ConversationStatus.swift */,
				5F9491032290E078007531EE /* ConversationStatusLoader.swift */,
			);
			path = "Conversation Feature";
			sourceTree = "<group>";
		};
		5F60848B228616C200B23235 /* Helpers */ = {
			isa = PBXGroup;
			children = (
				5F60848C228616E100B23235 /* DateFormatter+Deuce.swift */,
			);
			path = Helpers;
			sourceTree = "<group>";
		};
		5F7CAF0D2316F4750088D5AC /* Helpers */ = {
			isa = PBXGroup;
			children = (
				5F7CAF0B2316EED00088D5AC /* ConversationStatusTests+LoaderSpy.swift */,
			);
			path = Helpers;
			sourceTree = "<group>";
		};
		5F7CAF0E2316FB820088D5AC /* Views */ = {
			isa = PBXGroup;
			children = (
				5F7CAF0F2316FBA30088D5AC /* ConversationStatusCell.swift */,
				5F7CAF112316FFEB0088D5AC /* UIView+Shimmering.swift */,
			);
			path = Views;
			sourceTree = "<group>";
		};
		5FEC4423230B680E001AFCA5 /* DEUCEConversationStatusEndToEndTests */ = {
			isa = PBXGroup;
			children = (
				5FEC4424230B680E001AFCA5 /* DEUCEConversationStatusEndToEndTests.swift */,
				5FEC4426230B680E001AFCA5 /* Info.plist */,
			);
			path = DEUCEConversationStatusEndToEndTests;
			sourceTree = "<group>";
		};
		5FEEF9102319881300083C51 /* Controllers */ = {
			isa = PBXGroup;
			children = (
				5FFBAFFC2314A0BE0097D10A /* ConversationStatusViewController.swift */,
				5FEEF9112319882B00083C51 /* ConversationStatusRefreshViewController.swift */,
			);
			path = Controllers;
			sourceTree = "<group>";
		};
		5FEEF913231988E600083C51 /* ImageDataLoader */ = {
			isa = PBXGroup;
			children = (
				5FEEF9142319890C00083C51 /* ImageDataLoader.swift */,
			);
			path = ImageDataLoader;
			sourceTree = "<group>";
		};
		5FF272AD228249BF00E4486C = {
			isa = PBXGroup;
			children = (
				5FF272B9228249BF00E4486C /* DEUCE Framework */,
				5FF272C4228249BF00E4486C /* DEUCE FrameworkTests */,
				5FEC4423230B680E001AFCA5 /* DEUCEConversationStatusEndToEndTests */,
				5F4B31DB230E00CB002CF83F /* DEUCEiOS */,
				5F4B31E6230E00CB002CF83F /* DEUCEiOSTests */,
				5FF272B8228249BF00E4486C /* Products */,
				5FFBAFF923149C2E0097D10A /* Frameworks */,
			);
			sourceTree = "<group>";
		};
		5FF272B8228249BF00E4486C /* Products */ = {
			isa = PBXGroup;
			children = (
				5FF272B7228249BF00E4486C /* DEUCE_Framework.framework */,
				5FF272C0228249BF00E4486C /* DEUCE FrameworkTests.xctest */,
				5FEC4422230B680E001AFCA5 /* DEUCEConversationStatusEndToEndTests.xctest */,
				5F4B31DA230E00CB002CF83F /* DEUCEiOS.framework */,
				5F4B31E2230E00CB002CF83F /* DEUCEiOSTests.xctest */,
			);
			name = Products;
			sourceTree = "<group>";
		};
		5FF272B9228249BF00E4486C /* DEUCE Framework */ = {
			isa = PBXGroup;
			children = (
				5F60848B228616C200B23235 /* Helpers */,
				5F5708D12283884800D856D5 /* Conversation Feature */,
				5F349D4422824AE20058AF4F /* Conversations API */,
				5FF272BB228249BF00E4486C /* Info.plist */,
			);
			path = "DEUCE Framework";
			sourceTree = "<group>";
		};
		5FF272C4228249BF00E4486C /* DEUCE FrameworkTests */ = {
			isa = PBXGroup;
			children = (
				5F0A1E42230B11C000E8DD71 /* Conversation Status API */,
				5F349D4222824AB20058AF4F /* RemoteConversationStatusLoaderTests.swift */,
				5F6FE3C72292301C0077F8B8 /* URLSessionHTTPClientTests.swift */,
				5FF272C7228249BF00E4486C /* Info.plist */,
			);
			path = "DEUCE FrameworkTests";
			sourceTree = "<group>";
		};
		5FFBAFF923149C2E0097D10A /* Frameworks */ = {
			isa = PBXGroup;
			children = (
			);
			name = Frameworks;
			sourceTree = "<group>";
		};
/* End PBXGroup section */

/* Begin PBXHeadersBuildPhase section */
		5F4B31D5230E00CB002CF83F /* Headers */ = {
			isa = PBXHeadersBuildPhase;
			buildActionMask = 2147483647;
			files = (
			);
			runOnlyForDeploymentPostprocessing = 0;
		};
		5FF272B2228249BF00E4486C /* Headers */ = {
			isa = PBXHeadersBuildPhase;
			buildActionMask = 2147483647;
			files = (
			);
			runOnlyForDeploymentPostprocessing = 0;
		};
/* End PBXHeadersBuildPhase section */

/* Begin PBXNativeTarget section */
		5F4B31D9230E00CB002CF83F /* DEUCEiOS */ = {
			isa = PBXNativeTarget;
			buildConfigurationList = 5F4B31EF230E00CB002CF83F /* Build configuration list for PBXNativeTarget "DEUCEiOS" */;
			buildPhases = (
				5F4B31D5230E00CB002CF83F /* Headers */,
				5F4B31D6230E00CB002CF83F /* Sources */,
				5F4B31D7230E00CB002CF83F /* Frameworks */,
				5F4B31D8230E00CB002CF83F /* Resources */,
			);
			buildRules = (
			);
			dependencies = (
			);
			name = DEUCEiOS;
			productName = DEUCEiOS;
			productReference = 5F4B31DA230E00CB002CF83F /* DEUCEiOS.framework */;
			productType = "com.apple.product-type.framework";
		};
		5F4B31E1230E00CB002CF83F /* DEUCEiOSTests */ = {
			isa = PBXNativeTarget;
			buildConfigurationList = 5F4B31F0230E00CB002CF83F /* Build configuration list for PBXNativeTarget "DEUCEiOSTests" */;
			buildPhases = (
				5F4B31DE230E00CB002CF83F /* Sources */,
				5F4B31DF230E00CB002CF83F /* Frameworks */,
				5F4B31E0230E00CB002CF83F /* Resources */,
			);
			buildRules = (
			);
			dependencies = (
				5F4B31E5230E00CB002CF83F /* PBXTargetDependency */,
			);
			name = DEUCEiOSTests;
			productName = DEUCEiOSTests;
			productReference = 5F4B31E2230E00CB002CF83F /* DEUCEiOSTests.xctest */;
			productType = "com.apple.product-type.bundle.unit-test";
		};
		5FEC4421230B680E001AFCA5 /* DEUCEConversationStatusEndToEndTests */ = {
			isa = PBXNativeTarget;
			buildConfigurationList = 5FEC442C230B680E001AFCA5 /* Build configuration list for PBXNativeTarget "DEUCEConversationStatusEndToEndTests" */;
			buildPhases = (
				5FEC441E230B680E001AFCA5 /* Sources */,
				5FEC441F230B680E001AFCA5 /* Frameworks */,
				5FEC4420230B680E001AFCA5 /* Resources */,
			);
			buildRules = (
			);
			dependencies = (
				5FEC4429230B680E001AFCA5 /* PBXTargetDependency */,
			);
			name = DEUCEConversationStatusEndToEndTests;
			productName = DEUCEConversationStatusEndToEndTests;
			productReference = 5FEC4422230B680E001AFCA5 /* DEUCEConversationStatusEndToEndTests.xctest */;
			productType = "com.apple.product-type.bundle.unit-test";
		};
		5FF272B6228249BF00E4486C /* DEUCE Framework */ = {
			isa = PBXNativeTarget;
			buildConfigurationList = 5FF272CB228249BF00E4486C /* Build configuration list for PBXNativeTarget "DEUCE Framework" */;
			buildPhases = (
				5FF272B2228249BF00E4486C /* Headers */,
				5FF272B3228249BF00E4486C /* Sources */,
				5FF272B4228249BF00E4486C /* Frameworks */,
				5FF272B5228249BF00E4486C /* Resources */,
			);
			buildRules = (
			);
			dependencies = (
			);
			name = "DEUCE Framework";
			productName = "DEUCE Framework";
			productReference = 5FF272B7228249BF00E4486C /* DEUCE_Framework.framework */;
			productType = "com.apple.product-type.framework";
		};
		5FF272BF228249BF00E4486C /* DEUCE FrameworkTests */ = {
			isa = PBXNativeTarget;
			buildConfigurationList = 5FF272CE228249BF00E4486C /* Build configuration list for PBXNativeTarget "DEUCE FrameworkTests" */;
			buildPhases = (
				5FF272BC228249BF00E4486C /* Sources */,
				5FF272BD228249BF00E4486C /* Frameworks */,
				5FF272BE228249BF00E4486C /* Resources */,
			);
			buildRules = (
			);
			dependencies = (
				5FF272C3228249BF00E4486C /* PBXTargetDependency */,
			);
			name = "DEUCE FrameworkTests";
			productName = "DEUCE FrameworkTests";
			productReference = 5FF272C0228249BF00E4486C /* DEUCE FrameworkTests.xctest */;
			productType = "com.apple.product-type.bundle.unit-test";
		};
/* End PBXNativeTarget section */

/* Begin PBXProject section */
		5FF272AE228249BF00E4486C /* Project object */ = {
			isa = PBXProject;
			attributes = {
				LastSwiftUpdateCheck = 1020;
				LastUpgradeCheck = 1010;
				ORGANIZATIONNAME = DEUCE;
				TargetAttributes = {
					5F4B31D9230E00CB002CF83F = {
						CreatedOnToolsVersion = 10.2.1;
						LastSwiftMigration = 1020;
					};
					5F4B31E1230E00CB002CF83F = {
						CreatedOnToolsVersion = 10.2.1;
						LastSwiftMigration = 1020;
					};
					5FEC4421230B680E001AFCA5 = {
						CreatedOnToolsVersion = 10.2.1;
					};
					5FF272B6228249BF00E4486C = {
						CreatedOnToolsVersion = 10.1;
						LastSwiftMigration = 1030;
					};
					5FF272BF228249BF00E4486C = {
						CreatedOnToolsVersion = 10.1;
						LastSwiftMigration = 1030;
					};
				};
			};
			buildConfigurationList = 5FF272B1228249BF00E4486C /* Build configuration list for PBXProject "DEUCE Framework" */;
			compatibilityVersion = "Xcode 9.3";
			developmentRegion = en;
			hasScannedForEncodings = 0;
			knownRegions = (
				en,
				Base,
			);
			mainGroup = 5FF272AD228249BF00E4486C;
			productRefGroup = 5FF272B8228249BF00E4486C /* Products */;
			projectDirPath = "";
			projectRoot = "";
			targets = (
				5FF272B6228249BF00E4486C /* DEUCE Framework */,
				5FF272BF228249BF00E4486C /* DEUCE FrameworkTests */,
				5FEC4421230B680E001AFCA5 /* DEUCEConversationStatusEndToEndTests */,
				5F4B31D9230E00CB002CF83F /* DEUCEiOS */,
				5F4B31E1230E00CB002CF83F /* DEUCEiOSTests */,
			);
		};
/* End PBXProject section */

/* Begin PBXResourcesBuildPhase section */
		5F4B31D8230E00CB002CF83F /* Resources */ = {
			isa = PBXResourcesBuildPhase;
			buildActionMask = 2147483647;
			files = (
			);
			runOnlyForDeploymentPostprocessing = 0;
		};
		5F4B31E0230E00CB002CF83F /* Resources */ = {
			isa = PBXResourcesBuildPhase;
			buildActionMask = 2147483647;
			files = (
			);
			runOnlyForDeploymentPostprocessing = 0;
		};
		5FEC4420230B680E001AFCA5 /* Resources */ = {
			isa = PBXResourcesBuildPhase;
			buildActionMask = 2147483647;
			files = (
			);
			runOnlyForDeploymentPostprocessing = 0;
		};
		5FF272B5228249BF00E4486C /* Resources */ = {
			isa = PBXResourcesBuildPhase;
			buildActionMask = 2147483647;
			files = (
			);
			runOnlyForDeploymentPostprocessing = 0;
		};
		5FF272BE228249BF00E4486C /* Resources */ = {
			isa = PBXResourcesBuildPhase;
			buildActionMask = 2147483647;
			files = (
			);
			runOnlyForDeploymentPostprocessing = 0;
		};
/* End PBXResourcesBuildPhase section */

/* Begin PBXSourcesBuildPhase section */
		5F4B31D6230E00CB002CF83F /* Sources */ = {
			isa = PBXSourcesBuildPhase;
			buildActionMask = 2147483647;
			files = (
				5F7CAF122316FFEB0088D5AC /* UIView+Shimmering.swift in Sources */,
				5FEEF9152319890C00083C51 /* ImageDataLoader.swift in Sources */,
				5FEEF9122319882B00083C51 /* ConversationStatusRefreshViewController.swift in Sources */,
				5F7CAF102316FBA30088D5AC /* ConversationStatusCell.swift in Sources */,
				5FFBAFFD2314A0BE0097D10A /* ConversationStatusViewController.swift in Sources */,
			);
			runOnlyForDeploymentPostprocessing = 0;
		};
		5F4B31DE230E00CB002CF83F /* Sources */ = {
			isa = PBXSourcesBuildPhase;
			buildActionMask = 2147483647;
			files = (
				5F7CAF0C2316EED00088D5AC /* ConversationStatusTests+LoaderSpy.swift in Sources */,
				5FFBAFF8231495F30097D10A /* ConversationStatusTests.swift in Sources */,
				5FFBAFFB23149CED0097D10A /* XCTestCase+MemoryLeakTracking.swift in Sources */,
			);
			runOnlyForDeploymentPostprocessing = 0;
		};
		5FEC441E230B680E001AFCA5 /* Sources */ = {
			isa = PBXSourcesBuildPhase;
			buildActionMask = 2147483647;
			files = (
				5FEC4425230B680E001AFCA5 /* DEUCEConversationStatusEndToEndTests.swift in Sources */,
				5FEC442D230C53F4001AFCA5 /* XCTestCase+MemoryLeakTracking.swift in Sources */,
			);
			runOnlyForDeploymentPostprocessing = 0;
		};
		5FF272B3228249BF00E4486C /* Sources */ = {
			isa = PBXSourcesBuildPhase;
			buildActionMask = 2147483647;
			files = (
				5F0A1E47230B2C5600E8DD71 /* URLSessionHTTPClient.swift in Sources */,
				5F60848D228616E100B23235 /* DateFormatter+Deuce.swift in Sources */,
				5FEC442F230C8274001AFCA5 /* ConversationStatusMapper.swift in Sources */,
				5F8731F82288D90600DD3358 /* HTTPClient.swift in Sources */,
				5F349D4622824AFC0058AF4F /* RemoteConversationStatusLoader.swift in Sources */,
				5FEC4431230C8302001AFCA5 /* ConversationStatus.swift in Sources */,
				5F9491042290E078007531EE /* ConversationStatusLoader.swift in Sources */,
			);
			runOnlyForDeploymentPostprocessing = 0;
		};
		5FF272BC228249BF00E4486C /* Sources */ = {
			isa = PBXSourcesBuildPhase;
			buildActionMask = 2147483647;
			files = (
				5F6FE3C82292301C0077F8B8 /* URLSessionHTTPClientTests.swift in Sources */,
				5F349D4322824AB20058AF4F /* RemoteConversationStatusLoaderTests.swift in Sources */,
				5F0A1E45230B11FD00E8DD71 /* XCTestCase+MemoryLeakTracking.swift in Sources */,
			);
			runOnlyForDeploymentPostprocessing = 0;
		};
/* End PBXSourcesBuildPhase section */

/* Begin PBXTargetDependency section */
		5F4B31E5230E00CB002CF83F /* PBXTargetDependency */ = {
			isa = PBXTargetDependency;
			target = 5F4B31D9230E00CB002CF83F /* DEUCEiOS */;
			targetProxy = 5F4B31E4230E00CB002CF83F /* PBXContainerItemProxy */;
		};
		5FEC4429230B680E001AFCA5 /* PBXTargetDependency */ = {
			isa = PBXTargetDependency;
			target = 5FF272B6228249BF00E4486C /* DEUCE Framework */;
			targetProxy = 5FEC4428230B680E001AFCA5 /* PBXContainerItemProxy */;
		};
		5FF272C3228249BF00E4486C /* PBXTargetDependency */ = {
			isa = PBXTargetDependency;
			target = 5FF272B6228249BF00E4486C /* DEUCE Framework */;
			targetProxy = 5FF272C2228249BF00E4486C /* PBXContainerItemProxy */;
		};
/* End PBXTargetDependency section */

/* Begin XCBuildConfiguration section */
		5F4B31EB230E00CB002CF83F /* Debug */ = {
			isa = XCBuildConfiguration;
			buildSettings = {
				CLANG_ENABLE_MODULES = YES;
				CODE_SIGN_IDENTITY = "";
				CODE_SIGN_STYLE = Automatic;
				DEFINES_MODULE = YES;
				DEVELOPMENT_TEAM = QSBZN86NZC;
				DYLIB_COMPATIBILITY_VERSION = 1;
				DYLIB_CURRENT_VERSION = 1;
				DYLIB_INSTALL_NAME_BASE = "@rpath";
				INFOPLIST_FILE = DEUCEiOS/Info.plist;
				INSTALL_PATH = "$(LOCAL_LIBRARY_DIR)/Frameworks";
				IPHONEOS_DEPLOYMENT_TARGET = 12.2;
				LD_RUNPATH_SEARCH_PATHS = (
					"$(inherited)",
					"@executable_path/Frameworks",
					"@loader_path/Frameworks",
				);
				PRODUCT_BUNDLE_IDENTIFIER = com.DEUCE.DEUCEiOS;
				PRODUCT_NAME = "$(TARGET_NAME:c99extidentifier)";
				SDKROOT = iphoneos;
				SKIP_INSTALL = YES;
				SWIFT_OPTIMIZATION_LEVEL = "-Onone";
				SWIFT_VERSION = 5.0;
				TARGETED_DEVICE_FAMILY = "1,2";
			};
			name = Debug;
		};
		5F4B31EC230E00CB002CF83F /* Release */ = {
			isa = XCBuildConfiguration;
			buildSettings = {
				CLANG_ENABLE_MODULES = YES;
				CODE_SIGN_IDENTITY = "";
				CODE_SIGN_STYLE = Automatic;
				DEFINES_MODULE = YES;
				DEVELOPMENT_TEAM = QSBZN86NZC;
				DYLIB_COMPATIBILITY_VERSION = 1;
				DYLIB_CURRENT_VERSION = 1;
				DYLIB_INSTALL_NAME_BASE = "@rpath";
				INFOPLIST_FILE = DEUCEiOS/Info.plist;
				INSTALL_PATH = "$(LOCAL_LIBRARY_DIR)/Frameworks";
				IPHONEOS_DEPLOYMENT_TARGET = 12.2;
				LD_RUNPATH_SEARCH_PATHS = (
					"$(inherited)",
					"@executable_path/Frameworks",
					"@loader_path/Frameworks",
				);
				PRODUCT_BUNDLE_IDENTIFIER = com.DEUCE.DEUCEiOS;
				PRODUCT_NAME = "$(TARGET_NAME:c99extidentifier)";
				SDKROOT = iphoneos;
				SKIP_INSTALL = YES;
				SWIFT_VERSION = 5.0;
				TARGETED_DEVICE_FAMILY = "1,2";
			};
			name = Release;
		};
		5F4B31ED230E00CB002CF83F /* Debug */ = {
			isa = XCBuildConfiguration;
			buildSettings = {
				ALWAYS_EMBED_SWIFT_STANDARD_LIBRARIES = YES;
				CLANG_ENABLE_MODULES = YES;
				CODE_SIGN_STYLE = Automatic;
				DEVELOPMENT_TEAM = QSBZN86NZC;
				INFOPLIST_FILE = DEUCEiOSTests/Info.plist;
				IPHONEOS_DEPLOYMENT_TARGET = 12.2;
				LD_RUNPATH_SEARCH_PATHS = (
					"$(inherited)",
					"@executable_path/Frameworks",
					"@loader_path/Frameworks",
				);
				PRODUCT_BUNDLE_IDENTIFIER = com.DEUCE.DEUCEiOSTests;
				PRODUCT_NAME = "$(TARGET_NAME)";
				SDKROOT = iphoneos;
				SWIFT_OBJC_BRIDGING_HEADER = "DEUCEiOSTests/DEUCEiOSTests-Bridging-Header.h";
				SWIFT_OPTIMIZATION_LEVEL = "-Onone";
				SWIFT_VERSION = 5.0;
				TARGETED_DEVICE_FAMILY = "1,2";
			};
			name = Debug;
		};
		5F4B31EE230E00CB002CF83F /* Release */ = {
			isa = XCBuildConfiguration;
			buildSettings = {
				ALWAYS_EMBED_SWIFT_STANDARD_LIBRARIES = YES;
				CLANG_ENABLE_MODULES = YES;
				CODE_SIGN_STYLE = Automatic;
				DEVELOPMENT_TEAM = QSBZN86NZC;
				INFOPLIST_FILE = DEUCEiOSTests/Info.plist;
				IPHONEOS_DEPLOYMENT_TARGET = 12.2;
				LD_RUNPATH_SEARCH_PATHS = (
					"$(inherited)",
					"@executable_path/Frameworks",
					"@loader_path/Frameworks",
				);
				PRODUCT_BUNDLE_IDENTIFIER = com.DEUCE.DEUCEiOSTests;
				PRODUCT_NAME = "$(TARGET_NAME)";
				SDKROOT = iphoneos;
				SWIFT_OBJC_BRIDGING_HEADER = "DEUCEiOSTests/DEUCEiOSTests-Bridging-Header.h";
				SWIFT_VERSION = 5.0;
				TARGETED_DEVICE_FAMILY = "1,2";
			};
			name = Release;
		};
		5FEC442A230B680E001AFCA5 /* Debug */ = {
			isa = XCBuildConfiguration;
			buildSettings = {
				CODE_SIGN_IDENTITY = "Mac Developer";
				CODE_SIGN_STYLE = Automatic;
				DEVELOPMENT_TEAM = QSBZN86NZC;
				INFOPLIST_FILE = DEUCEConversationStatusEndToEndTests/Info.plist;
				IPHONEOS_DEPLOYMENT_TARGET = 12.2;
				LD_RUNPATH_SEARCH_PATHS = (
					"$(inherited)",
					"@executable_path/Frameworks",
					"@loader_path/Frameworks",
				);
				PRODUCT_BUNDLE_IDENTIFIER = com.DEUCE.DEUCEConversationStatusEndToEndTests;
				PRODUCT_NAME = "$(TARGET_NAME)";
				SUPPORTED_PLATFORMS = "iphonesimulator iphoneos macosx";
				SWIFT_VERSION = 5.0;
				TARGETED_DEVICE_FAMILY = "1,2";
			};
			name = Debug;
		};
		5FEC442B230B680E001AFCA5 /* Release */ = {
			isa = XCBuildConfiguration;
			buildSettings = {
				CODE_SIGN_IDENTITY = "Mac Developer";
				CODE_SIGN_STYLE = Automatic;
				DEVELOPMENT_TEAM = QSBZN86NZC;
				INFOPLIST_FILE = DEUCEConversationStatusEndToEndTests/Info.plist;
				IPHONEOS_DEPLOYMENT_TARGET = 12.2;
				LD_RUNPATH_SEARCH_PATHS = (
					"$(inherited)",
					"@executable_path/Frameworks",
					"@loader_path/Frameworks",
				);
				PRODUCT_BUNDLE_IDENTIFIER = com.DEUCE.DEUCEConversationStatusEndToEndTests;
				PRODUCT_NAME = "$(TARGET_NAME)";
				SUPPORTED_PLATFORMS = "iphonesimulator iphoneos macosx";
				SWIFT_VERSION = 5.0;
				TARGETED_DEVICE_FAMILY = "1,2";
			};
			name = Release;
		};
		5FF272C9228249BF00E4486C /* Debug */ = {
			isa = XCBuildConfiguration;
			buildSettings = {
				ALWAYS_SEARCH_USER_PATHS = NO;
				CLANG_ANALYZER_NONNULL = YES;
				CLANG_ANALYZER_NUMBER_OBJECT_CONVERSION = YES_AGGRESSIVE;
				CLANG_CXX_LANGUAGE_STANDARD = "gnu++14";
				CLANG_CXX_LIBRARY = "libc++";
				CLANG_ENABLE_MODULES = YES;
				CLANG_ENABLE_OBJC_ARC = YES;
				CLANG_ENABLE_OBJC_WEAK = YES;
				CLANG_WARN_BLOCK_CAPTURE_AUTORELEASING = YES;
				CLANG_WARN_BOOL_CONVERSION = YES;
				CLANG_WARN_COMMA = YES;
				CLANG_WARN_CONSTANT_CONVERSION = YES;
				CLANG_WARN_DEPRECATED_OBJC_IMPLEMENTATIONS = YES;
				CLANG_WARN_DIRECT_OBJC_ISA_USAGE = YES_ERROR;
				CLANG_WARN_DOCUMENTATION_COMMENTS = YES;
				CLANG_WARN_EMPTY_BODY = YES;
				CLANG_WARN_ENUM_CONVERSION = YES;
				CLANG_WARN_INFINITE_RECURSION = YES;
				CLANG_WARN_INT_CONVERSION = YES;
				CLANG_WARN_NON_LITERAL_NULL_CONVERSION = YES;
				CLANG_WARN_OBJC_IMPLICIT_RETAIN_SELF = YES;
				CLANG_WARN_OBJC_LITERAL_CONVERSION = YES;
				CLANG_WARN_OBJC_ROOT_CLASS = YES_ERROR;
				CLANG_WARN_RANGE_LOOP_ANALYSIS = YES;
				CLANG_WARN_STRICT_PROTOTYPES = YES;
				CLANG_WARN_SUSPICIOUS_MOVE = YES;
				CLANG_WARN_UNGUARDED_AVAILABILITY = YES_AGGRESSIVE;
				CLANG_WARN_UNREACHABLE_CODE = YES;
				CLANG_WARN__DUPLICATE_METHOD_MATCH = YES;
				CODE_SIGN_IDENTITY = "iPhone Developer";
				COPY_PHASE_STRIP = NO;
				CURRENT_PROJECT_VERSION = 1;
				DEBUG_INFORMATION_FORMAT = dwarf;
				ENABLE_STRICT_OBJC_MSGSEND = YES;
				ENABLE_TESTABILITY = YES;
				GCC_C_LANGUAGE_STANDARD = gnu11;
				GCC_DYNAMIC_NO_PIC = NO;
				GCC_NO_COMMON_BLOCKS = YES;
				GCC_OPTIMIZATION_LEVEL = 0;
				GCC_PREPROCESSOR_DEFINITIONS = (
					"DEBUG=1",
					"$(inherited)",
				);
				GCC_WARN_64_TO_32_BIT_CONVERSION = YES;
				GCC_WARN_ABOUT_RETURN_TYPE = YES_ERROR;
				GCC_WARN_UNDECLARED_SELECTOR = YES;
				GCC_WARN_UNINITIALIZED_AUTOS = YES_AGGRESSIVE;
				GCC_WARN_UNUSED_FUNCTION = YES;
				GCC_WARN_UNUSED_VARIABLE = YES;
				MTL_ENABLE_DEBUG_INFO = INCLUDE_SOURCE;
				MTL_FAST_MATH = YES;
				ONLY_ACTIVE_ARCH = YES;
				SDKROOT = macosx;
				SWIFT_ACTIVE_COMPILATION_CONDITIONS = DEBUG;
				SWIFT_OPTIMIZATION_LEVEL = "-Onone";
				VERSIONING_SYSTEM = "apple-generic";
				VERSION_INFO_PREFIX = "";
			};
			name = Debug;
		};
		5FF272CA228249BF00E4486C /* Release */ = {
			isa = XCBuildConfiguration;
			buildSettings = {
				ALWAYS_SEARCH_USER_PATHS = NO;
				CLANG_ANALYZER_NONNULL = YES;
				CLANG_ANALYZER_NUMBER_OBJECT_CONVERSION = YES_AGGRESSIVE;
				CLANG_CXX_LANGUAGE_STANDARD = "gnu++14";
				CLANG_CXX_LIBRARY = "libc++";
				CLANG_ENABLE_MODULES = YES;
				CLANG_ENABLE_OBJC_ARC = YES;
				CLANG_ENABLE_OBJC_WEAK = YES;
				CLANG_WARN_BLOCK_CAPTURE_AUTORELEASING = YES;
				CLANG_WARN_BOOL_CONVERSION = YES;
				CLANG_WARN_COMMA = YES;
				CLANG_WARN_CONSTANT_CONVERSION = YES;
				CLANG_WARN_DEPRECATED_OBJC_IMPLEMENTATIONS = YES;
				CLANG_WARN_DIRECT_OBJC_ISA_USAGE = YES_ERROR;
				CLANG_WARN_DOCUMENTATION_COMMENTS = YES;
				CLANG_WARN_EMPTY_BODY = YES;
				CLANG_WARN_ENUM_CONVERSION = YES;
				CLANG_WARN_INFINITE_RECURSION = YES;
				CLANG_WARN_INT_CONVERSION = YES;
				CLANG_WARN_NON_LITERAL_NULL_CONVERSION = YES;
				CLANG_WARN_OBJC_IMPLICIT_RETAIN_SELF = YES;
				CLANG_WARN_OBJC_LITERAL_CONVERSION = YES;
				CLANG_WARN_OBJC_ROOT_CLASS = YES_ERROR;
				CLANG_WARN_RANGE_LOOP_ANALYSIS = YES;
				CLANG_WARN_STRICT_PROTOTYPES = YES;
				CLANG_WARN_SUSPICIOUS_MOVE = YES;
				CLANG_WARN_UNGUARDED_AVAILABILITY = YES_AGGRESSIVE;
				CLANG_WARN_UNREACHABLE_CODE = YES;
				CLANG_WARN__DUPLICATE_METHOD_MATCH = YES;
				CODE_SIGN_IDENTITY = "iPhone Developer";
				COPY_PHASE_STRIP = NO;
				CURRENT_PROJECT_VERSION = 1;
				DEBUG_INFORMATION_FORMAT = "dwarf-with-dsym";
				ENABLE_NS_ASSERTIONS = NO;
				ENABLE_STRICT_OBJC_MSGSEND = YES;
				GCC_C_LANGUAGE_STANDARD = gnu11;
				GCC_NO_COMMON_BLOCKS = YES;
				GCC_WARN_64_TO_32_BIT_CONVERSION = YES;
				GCC_WARN_ABOUT_RETURN_TYPE = YES_ERROR;
				GCC_WARN_UNDECLARED_SELECTOR = YES;
				GCC_WARN_UNINITIALIZED_AUTOS = YES_AGGRESSIVE;
				GCC_WARN_UNUSED_FUNCTION = YES;
				GCC_WARN_UNUSED_VARIABLE = YES;
				MTL_ENABLE_DEBUG_INFO = NO;
				MTL_FAST_MATH = YES;
				SDKROOT = macosx;
				SWIFT_COMPILATION_MODE = wholemodule;
				SWIFT_OPTIMIZATION_LEVEL = "-O";
				VALIDATE_PRODUCT = YES;
				VERSIONING_SYSTEM = "apple-generic";
				VERSION_INFO_PREFIX = "";
			};
			name = Release;
		};
		5FF272CC228249BF00E4486C /* Debug */ = {
			isa = XCBuildConfiguration;
			buildSettings = {
				CLANG_ENABLE_MODULES = YES;
				CODE_SIGN_IDENTITY = "";
				CODE_SIGN_STYLE = Automatic;
				DEFINES_MODULE = YES;
				DEVELOPMENT_TEAM = QSBZN86NZC;
				DYLIB_COMPATIBILITY_VERSION = 1;
				DYLIB_CURRENT_VERSION = 1;
				DYLIB_INSTALL_NAME_BASE = "@rpath";
				INFOPLIST_FILE = "DEUCE Framework/Info.plist";
				INSTALL_PATH = "$(LOCAL_LIBRARY_DIR)/Frameworks";
				LD_RUNPATH_SEARCH_PATHS = (
					"$(inherited)",
					"@executable_path/Frameworks",
					"@loader_path/Frameworks",
				);
				PRODUCT_BUNDLE_IDENTIFIER = "com.ios.DEUCE.DEUCE-Framework";
				PRODUCT_NAME = "$(TARGET_NAME:c99extidentifier)";
				SKIP_INSTALL = YES;
				SUPPORTED_PLATFORMS = "iphonesimulator iphoneos macosx";
				SWIFT_OPTIMIZATION_LEVEL = "-Onone";
				SWIFT_VERSION = 5.0;
				TARGETED_DEVICE_FAMILY = "1,2";
			};
			name = Debug;
		};
		5FF272CD228249BF00E4486C /* Release */ = {
			isa = XCBuildConfiguration;
			buildSettings = {
				CLANG_ENABLE_MODULES = YES;
				CODE_SIGN_IDENTITY = "";
				CODE_SIGN_STYLE = Automatic;
				DEFINES_MODULE = YES;
				DEVELOPMENT_TEAM = QSBZN86NZC;
				DYLIB_COMPATIBILITY_VERSION = 1;
				DYLIB_CURRENT_VERSION = 1;
				DYLIB_INSTALL_NAME_BASE = "@rpath";
				INFOPLIST_FILE = "DEUCE Framework/Info.plist";
				INSTALL_PATH = "$(LOCAL_LIBRARY_DIR)/Frameworks";
				LD_RUNPATH_SEARCH_PATHS = (
					"$(inherited)",
					"@executable_path/Frameworks",
					"@loader_path/Frameworks",
				);
				PRODUCT_BUNDLE_IDENTIFIER = "com.ios.DEUCE.DEUCE-Framework";
				PRODUCT_NAME = "$(TARGET_NAME:c99extidentifier)";
				SKIP_INSTALL = YES;
				SUPPORTED_PLATFORMS = "iphonesimulator iphoneos macosx";
				SWIFT_VERSION = 5.0;
				TARGETED_DEVICE_FAMILY = "1,2";
			};
			name = Release;
		};
		5FF272CF228249BF00E4486C /* Debug */ = {
			isa = XCBuildConfiguration;
			buildSettings = {
				ALWAYS_EMBED_SWIFT_STANDARD_LIBRARIES = YES;
				CODE_SIGN_IDENTITY = "";
				CODE_SIGN_STYLE = Automatic;
				DEVELOPMENT_TEAM = QSBZN86NZC;
				INFOPLIST_FILE = "DEUCE FrameworkTests/Info.plist";
				LD_RUNPATH_SEARCH_PATHS = (
					"$(inherited)",
					"@executable_path/Frameworks",
					"@loader_path/Frameworks",
				);
				PRODUCT_BUNDLE_IDENTIFIER = "com.ios.DEUCE.DEUCE-FrameworkTests";
				PRODUCT_NAME = "$(TARGET_NAME)";
				SUPPORTED_PLATFORMS = "iphonesimulator iphoneos macosx";
				SWIFT_VERSION = 5.0;
				TARGETED_DEVICE_FAMILY = "1,2";
			};
			name = Debug;
		};
		5FF272D0228249BF00E4486C /* Release */ = {
			isa = XCBuildConfiguration;
			buildSettings = {
				ALWAYS_EMBED_SWIFT_STANDARD_LIBRARIES = YES;
				CODE_SIGN_IDENTITY = "";
				CODE_SIGN_STYLE = Automatic;
				DEVELOPMENT_TEAM = QSBZN86NZC;
				INFOPLIST_FILE = "DEUCE FrameworkTests/Info.plist";
				LD_RUNPATH_SEARCH_PATHS = (
					"$(inherited)",
					"@executable_path/Frameworks",
					"@loader_path/Frameworks",
				);
				PRODUCT_BUNDLE_IDENTIFIER = "com.ios.DEUCE.DEUCE-FrameworkTests";
				PRODUCT_NAME = "$(TARGET_NAME)";
				SUPPORTED_PLATFORMS = "iphonesimulator iphoneos macosx";
				SWIFT_VERSION = 5.0;
				TARGETED_DEVICE_FAMILY = "1,2";
			};
			name = Release;
		};
/* End XCBuildConfiguration section */

/* Begin XCConfigurationList section */
		5F4B31EF230E00CB002CF83F /* Build configuration list for PBXNativeTarget "DEUCEiOS" */ = {
			isa = XCConfigurationList;
			buildConfigurations = (
				5F4B31EB230E00CB002CF83F /* Debug */,
				5F4B31EC230E00CB002CF83F /* Release */,
			);
			defaultConfigurationIsVisible = 0;
			defaultConfigurationName = Release;
		};
		5F4B31F0230E00CB002CF83F /* Build configuration list for PBXNativeTarget "DEUCEiOSTests" */ = {
			isa = XCConfigurationList;
			buildConfigurations = (
				5F4B31ED230E00CB002CF83F /* Debug */,
				5F4B31EE230E00CB002CF83F /* Release */,
			);
			defaultConfigurationIsVisible = 0;
			defaultConfigurationName = Release;
		};
		5FEC442C230B680E001AFCA5 /* Build configuration list for PBXNativeTarget "DEUCEConversationStatusEndToEndTests" */ = {
			isa = XCConfigurationList;
			buildConfigurations = (
				5FEC442A230B680E001AFCA5 /* Debug */,
				5FEC442B230B680E001AFCA5 /* Release */,
			);
			defaultConfigurationIsVisible = 0;
			defaultConfigurationName = Release;
		};
		5FF272B1228249BF00E4486C /* Build configuration list for PBXProject "DEUCE Framework" */ = {
			isa = XCConfigurationList;
			buildConfigurations = (
				5FF272C9228249BF00E4486C /* Debug */,
				5FF272CA228249BF00E4486C /* Release */,
			);
			defaultConfigurationIsVisible = 0;
			defaultConfigurationName = Release;
		};
		5FF272CB228249BF00E4486C /* Build configuration list for PBXNativeTarget "DEUCE Framework" */ = {
			isa = XCConfigurationList;
			buildConfigurations = (
				5FF272CC228249BF00E4486C /* Debug */,
				5FF272CD228249BF00E4486C /* Release */,
			);
			defaultConfigurationIsVisible = 0;
			defaultConfigurationName = Release;
		};
		5FF272CE228249BF00E4486C /* Build configuration list for PBXNativeTarget "DEUCE FrameworkTests" */ = {
			isa = XCConfigurationList;
			buildConfigurations = (
				5FF272CF228249BF00E4486C /* Debug */,
				5FF272D0228249BF00E4486C /* Release */,
			);
			defaultConfigurationIsVisible = 0;
			defaultConfigurationName = Release;
		};
/* End XCConfigurationList section */
	};
	rootObject = 5FF272AE228249BF00E4486C /* Project object */;
}
